{
    "_readme": [
        "This file locks the dependencies of your project to a known state",
        "Read more about it at https://getcomposer.org/doc/01-basic-usage.md#composer-lock-the-lock-file",
        "This file is @generated automatically"
    ],
    "hash": "8d45e2e67e9febdbfdf1b7a0b8c1c895",
    "content-hash": "63f395eaa81524c5911e3be59b6d9b82",
    "packages": [],
    "packages-dev": [
        {
            "name": "laravel/homestead",
            "version": "v2.1.8",
            "source": {
                "type": "git",
                "url": "https://github.com/laravel/homestead.git",
                "reference": "301484041e062bb62b42d2bbbf0d636408d0f6b4"
            },
            "dist": {
                "type": "zip",
                "url": "https://api.github.com/repos/laravel/homestead/zipball/301484041e062bb62b42d2bbbf0d636408d0f6b4",
                "reference": "301484041e062bb62b42d2bbbf0d636408d0f6b4",
                "shasum": ""
            },
            "require": {
                "php": ">=5.4",
                "symfony/console": "~2.0",
                "symfony/process": "~2.0"
            },
            "bin": [
                "homestead"
            ],
            "type": "library",
            "autoload": {
                "psr-4": {
                    "Laravel\\Homestead\\": "src/"
                }
            },
            "notification-url": "https://packagist.org/downloads/",
            "license": [
                "MIT"
            ],
            "authors": [
                {
                    "name": "Taylor Otwell",
                    "email": "taylorotwell@gmail.com"
                }
            ],
            "description": "A virtual machine for web artisans.",
            "time": "2015-10-01 17:07:30"
        },
        {
            "name": "symfony/console",
            "version": "v2.7.7",
            "source": {
                "type": "git",
                "url": "https://github.com/symfony/console.git",
                "reference": "16bb1cb86df43c90931df65f529e7ebd79636750"
            },
            "dist": {
                "type": "zip",
                "url": "https://api.github.com/repos/symfony/console/zipball/16bb1cb86df43c90931df65f529e7ebd79636750",
                "reference": "16bb1cb86df43c90931df65f529e7ebd79636750",
                "shasum": ""
            },
            "require": {
                "php": ">=5.3.9"
            },
            "require-dev": {
                "psr/log": "~1.0",
                "symfony/event-dispatcher": "~2.1",
                "symfony/process": "~2.1"
            },
            "suggest": {
                "psr/log": "For using the console logger",
                "symfony/event-dispatcher": "",
                "symfony/process": ""
            },
            "type": "library",
            "extra": {
                "branch-alias": {
                    "dev-master": "2.7-dev"
                }
            },
            "autoload": {
                "psr-4": {
                    "Symfony\\Component\\Console\\": ""
                },
                "exclude-from-classmap": [
                    "/Tests/"
                ]
            },
            "notification-url": "https://packagist.org/downloads/",
            "license": [
                "MIT"
            ],
            "authors": [
                {
                    "name": "Fabien Potencier",
                    "email": "fabien@symfony.com"
                },
                {
                    "name": "Symfony Community",
                    "homepage": "https://symfony.com/contributors"
                }
            ],
            "description": "Symfony Console Component",
            "homepage": "https://symfony.com",
            "time": "2015-11-18 09:54:26"
        },
        {
            "name": "symfony/process",
            "version": "v2.7.7",
            "source": {
                "type": "git",
                "url": "https://github.com/symfony/process.git",
                "reference": "f6290983c8725d0afa29bdc3e5295879de3e58f5"
            },
            "dist": {
                "type": "zip",
                "url": "https://api.github.com/repos/symfony/process/zipball/f6290983c8725d0afa29bdc3e5295879de3e58f5",
                "reference": "f6290983c8725d0afa29bdc3e5295879de3e58f5",
                "shasum": ""
            },
            "require": {
                "php": ">=5.3.9"
            },
            "type": "library",
            "extra": {
                "branch-alias": {
                    "dev-master": "2.7-dev"
                }
            },
            "autoload": {
                "psr-4": {
                    "Symfony\\Component\\Process\\": ""
                },
                "exclude-from-classmap": [
                    "/Tests/"
                ]
            },
            "notification-url": "https://packagist.org/downloads/",
            "license": [
                "MIT"
            ],
            "authors": [
                {
                    "name": "Fabien Potencier",
                    "email": "fabien@symfony.com"
                },
                {
                    "name": "Symfony Community",
                    "homepage": "https://symfony.com/contributors"
                }
            ],
            "description": "Symfony Process Component",
            "homepage": "https://symfony.com",
            "time": "2015-11-19 16:11:24"
        }
    ],
    "aliases": [],
    "minimum-stability": "stable",
    "stability-flags": [],
    "prefer-stable": false,
    "prefer-lowest": false,
    "platform": [],
    "platform-dev": []
}
